
Microsoft Visual Studio Solution File, Format Version 12.00
# Visual Studio Version 16
VisualStudioVersion = 16.0.29613.14
MinimumVisualStudioVersion = 10.0.40219.1
Project("{FAE04EC0-301F-11D3-BF4B-00C04F79EFBC}") = "angular-secure-app", "angular-secure-app\angular-secure-app.csproj", "{023379AC-4A13-4E93-89CA-01E1D70B8FAD}"
EndProject
Global
	GlobalSection(SolutionConfigurationPlatforms) = preSolution
		Debug|Any CPU = Debug|Any CPU
		Release|Any CPU = Release|Any CPU
	EndGlobalSection
	GlobalSection(ProjectConfigurationPlatforms) = postSolution
		{023379AC-4A13-4E93-89CA-01E1D70B8FAD}.Debug|Any CPU.ActiveCfg = Debug|Any CPU
		{023379AC-4A13-4E93-89CA-01E1D70B8FAD}.Debug|Any CPU.Build.0 = Debug|Any CPU
		{023379AC-4A13-4E93-89CA-01E1D70B8FAD}.Release|Any CPU.ActiveCfg = Release|Any CPU
		{023379AC-4A13-4E93-89CA-01E1D70B8FAD}.Release|Any CPU.Build.0 = Release|Any CPU
	EndGlobalSection
	GlobalSection(SolutionProperties) = preSolution
		HideSolutionNode = FALSE
	EndGlobalSection
	GlobalSection(ExtensibilityGlobals) = postSolution
		SolutionGuid = {4C71E6C1-7B16-4459-80F2-542F0E8E8A72}
	EndGlobalSection
EndGlobal
